
Microsoft Visual Studio Solution File, Format Version 12.00
# Visual Studio 15
VisualStudioVersion = 15.0.26430.13
MinimumVisualStudioVersion = 10.0.40219.1
Project("{FAE04EC0-301F-11D3-BF4B-00C04F79EFBC}") = "DroneLander.Android", "DroneLander\DroneLander.Android\DroneLander.Android.csproj", "{5162039C-17D0-4BF8-A961-5D1A1812AFA8}"
EndProject
Project("{FAE04EC0-301F-11D3-BF4B-00C04F79EFBC}") = "DroneLander", "DroneLander\DroneLander\DroneLander.csproj", "{A6E21532-D735-4736-83D8-15E4D1B8DFD1}"
EndProject
Project("{FAE04EC0-301F-11D3-BF4B-00C04F79EFBC}") = "DroneLander.UWP", "DroneLander\DroneLander.UWP\DroneLander.UWP.csproj", "{154393F0-EC1E-4A41-AEB9-993128041F5E}"
EndProject
Project("{FAE04EC0-301F-11D3-BF4B-00C04F79EFBC}") = "DroneLander.iOS", "DroneLander\DroneLander.iOS\DroneLander.iOS.csproj", "{7695286E-67F4-4257-9B8C-40063274D7A6}"
EndProject
Project("{2150E333-8FDC-42A3-9474-1A3956D46DE8}") = "Solution Items", "Solution Items", "{ECB1AB96-8C48-4114-99FF-8CD724F535C9}"
	ProjectSection(SolutionItems) = preProject
		README.txt = README.txt
	EndProjectSection
EndProject
Global
	GlobalSection(SolutionConfigurationPlatforms) = preSolution
		Ad-Hoc|Any CPU = Ad-Hoc|Any CPU
		Ad-Hoc|ARM = Ad-Hoc|ARM
		Ad-Hoc|iPhone = Ad-Hoc|iPhone
		Ad-Hoc|iPhoneSimulator = Ad-Hoc|iPhoneSimulator
		Ad-Hoc|x64 = Ad-Hoc|x64
		Ad-Hoc|x86 = Ad-Hoc|x86
		AppStore|Any CPU = AppStore|Any CPU
		AppStore|ARM = AppStore|ARM
		AppStore|iPhone = AppStore|iPhone
		AppStore|iPhoneSimulator = AppStore|iPhoneSimulator
		AppStore|x64 = AppStore|x64
		AppStore|x86 = AppStore|x86
		Debug|Any CPU = Debug|Any CPU
		Debug|ARM = Debug|ARM
		Debug|iPhone = Debug|iPhone
		Debug|iPhoneSimulator = Debug|iPhoneSimulator
		Debug|x64 = Debug|x64
		Debug|x86 = Debug|x86
		Release|Any CPU = Release|Any CPU
		Release|ARM = Release|ARM
		Release|iPhone = Release|iPhone
		Release|iPhoneSimulator = Release|iPhoneSimulator
		Release|x64 = Release|x64
		Release|x86 = Release|x86
	EndGlobalSection
	GlobalSection(ProjectConfigurationPlatforms) = postSolution
		{5162039C-17D0-4BF8-A961-5D1A1812AFA8}.Ad-Hoc|Any CPU.ActiveCfg = Release|Any CPU
		{5162039C-17D0-4BF8-A961-5D1A1812AFA8}.Ad-Hoc|Any CPU.Build.0 = Release|Any CPU
		{5162039C-17D0-4BF8-A961-5D1A1812AFA8}.Ad-Hoc|Any CPU.Deploy.0 = Release|Any CPU
		{5162039C-17D0-4BF8-A961-5D1A1812AFA8}.Ad-Hoc|ARM.ActiveCfg = Release|Any CPU
		{5162039C-17D0-4BF8-A961-5D1A1812AFA8}.Ad-Hoc|ARM.Build.0 = Release|Any CPU
		{5162039C-17D0-4BF8-A961-5D1A1812AFA8}.Ad-Hoc|ARM.Deploy.0 = Release|Any CPU
		{5162039C-17D0-4BF8-A961-5D1A1812AFA8}.Ad-Hoc|iPhone.ActiveCfg = Release|Any CPU
		{5162039C-17D0-4BF8-A961-5D1A1812AFA8}.Ad-Hoc|iPhone.Build.0 = Release|Any CPU
		{5162039C-17D0-4BF8-A961-5D1A1812AFA8}.Ad-Hoc|iPhone.Deploy.0 = Release|Any CPU
		{5162039C-17D0-4BF8-A961-5D1A1812AFA8}.Ad-Hoc|iPhoneSimulator.ActiveCfg = Release|Any CPU
		{5162039C-17D0-4BF8-A961-5D1A1812AFA8}.Ad-Hoc|iPhoneSimulator.Build.0 = Release|Any CPU
		{5162039C-17D0-4BF8-A961-5D1A1812AFA8}.Ad-Hoc|iPhoneSimulator.Deploy.0 = Release|Any CPU
		{5162039C-17D0-4BF8-A961-5D1A1812AFA8}.Ad-Hoc|x64.ActiveCfg = Release|Any CPU
		{5162039C-17D0-4BF8-A961-5D1A1812AFA8}.Ad-Hoc|x64.Build.0 = Release|Any CPU
		{5162039C-17D0-4BF8-A961-5D1A1812AFA8}.Ad-Hoc|x64.Deploy.0 = Release|Any CPU
		{5162039C-17D0-4BF8-A961-5D1A1812AFA8}.Ad-Hoc|x86.ActiveCfg = Release|Any CPU
		{5162039C-17D0-4BF8-A961-5D1A1812AFA8}.Ad-Hoc|x86.Build.0 = Release|Any CPU
		{5162039C-17D0-4BF8-A961-5D1A1812AFA8}.Ad-Hoc|x86.Deploy.0 = Release|Any CPU
		{5162039C-17D0-4BF8-A961-5D1A1812AFA8}.AppStore|Any CPU.ActiveCfg = Release|Any CPU
		{5162039C-17D0-4BF8-A961-5D1A1812AFA8}.AppStore|Any CPU.Build.0 = Release|Any CPU
		{5162039C-17D0-4BF8-A961-5D1A1812AFA8}.AppStore|Any CPU.Deploy.0 = Release|Any CPU
		{5162039C-17D0-4BF8-A961-5D1A1812AFA8}.AppStore|ARM.ActiveCfg = Release|Any CPU
		{5162039C-17D0-4BF8-A961-5D1A1812AFA8}.AppStore|ARM.Build.0 = Release|Any CPU
		{5162039C-17D0-4BF8-A961-5D1A1812AFA8}.AppStore|ARM.Deploy.0 = Release|Any CPU
		{5162039C-17D0-4BF8-A961-5D1A1812AFA8}.AppStore|iPhone.ActiveCfg = Release|Any CPU
		{5162039C-17D0-4BF8-A961-5D1A1812AFA8}.AppStore|iPhone.Build.0 = Release|Any CPU
		{5162039C-17D0-4BF8-A961-5D1A1812AFA8}.AppStore|iPhone.Deploy.0 = Release|Any CPU
		{5162039C-17D0-4BF8-A961-5D1A1812AFA8}.AppStore|iPhoneSimulator.ActiveCfg = Release|Any CPU
		{5162039C-17D0-4BF8-A961-5D1A1812AFA8}.AppStore|iPhoneSimulator.Build.0 = Release|Any CPU
		{5162039C-17D0-4BF8-A961-5D1A1812AFA8}.AppStore|iPhoneSimulator.Deploy.0 = Release|Any CPU
		{5162039C-17D0-4BF8-A961-5D1A1812AFA8}.AppStore|x64.ActiveCfg = Release|Any CPU
		{5162039C-17D0-4BF8-A961-5D1A1812AFA8}.AppStore|x64.Build.0 = Release|Any CPU
		{5162039C-17D0-4BF8-A961-5D1A1812AFA8}.AppStore|x64.Deploy.0 = Release|Any CPU
		{5162039C-17D0-4BF8-A961-5D1A1812AFA8}.AppStore|x86.ActiveCfg = Release|Any CPU
		{5162039C-17D0-4BF8-A961-5D1A1812AFA8}.AppStore|x86.Build.0 = Release|Any CPU
		{5162039C-17D0-4BF8-A961-5D1A1812AFA8}.AppStore|x86.Deploy.0 = Release|Any CPU
		{5162039C-17D0-4BF8-A961-5D1A1812AFA8}.Debug|Any CPU.ActiveCfg = Debug|Any CPU
		{5162039C-17D0-4BF8-A961-5D1A1812AFA8}.Debug|Any CPU.Build.0 = Debug|Any CPU
		{5162039C-17D0-4BF8-A961-5D1A1812AFA8}.Debug|Any CPU.Deploy.0 = Debug|Any CPU
		{5162039C-17D0-4BF8-A961-5D1A1812AFA8}.Debug|ARM.ActiveCfg = Debug|Any CPU
		{5162039C-17D0-4BF8-A961-5D1A1812AFA8}.Debug|ARM.Build.0 = Debug|Any CPU
		{5162039C-17D0-4BF8-A961-5D1A1812AFA8}.Debug|ARM.Deploy.0 = Debug|Any CPU
		{5162039C-17D0-4BF8-A961-5D1A1812AFA8}.Debug|iPhone.ActiveCfg = Debug|Any CPU
		{5162039C-17D0-4BF8-A961-5D1A1812AFA8}.Debug|iPhone.Build.0 = Debug|Any CPU
		{5162039C-17D0-4BF8-A961-5D1A1812AFA8}.Debug|iPhone.Deploy.0 = Debug|Any CPU
		{5162039C-17D0-4BF8-A961-5D1A1812AFA8}.Debug|iPhoneSimulator.ActiveCfg = Debug|Any CPU
		{5162039C-17D0-4BF8-A961-5D1A1812AFA8}.Debug|iPhoneSimulator.Build.0 = Debug|Any CPU
		{5162039C-17D0-4BF8-A961-5D1A1812AFA8}.Debug|iPhoneSimulator.Deploy.0 = Debug|Any CPU
		{5162039C-17D0-4BF8-A961-5D1A1812AFA8}.Debug|x64.ActiveCfg = Debug|Any CPU
		{5162039C-17D0-4BF8-A961-5D1A1812AFA8}.Debug|x64.Build.0 = Debug|Any CPU
		{5162039C-17D0-4BF8-A961-5D1A1812AFA8}.Debug|x64.Deploy.0 = Debug|Any CPU
		{5162039C-17D0-4BF8-A961-5D1A1812AFA8}.Debug|x86.ActiveCfg = Debug|Any CPU
		{5162039C-17D0-4BF8-A961-5D1A1812AFA8}.Debug|x86.Build.0 = Debug|Any CPU
		{5162039C-17D0-4BF8-A961-5D1A1812AFA8}.Debug|x86.Deploy.0 = Debug|Any CPU
		{5162039C-17D0-4BF8-A961-5D1A1812AFA8}.Release|Any CPU.ActiveCfg = Release|Any CPU
		{5162039C-17D0-4BF8-A961-5D1A1812AFA8}.Release|Any CPU.Build.0 = Release|Any CPU
		{5162039C-17D0-4BF8-A961-5D1A1812AFA8}.Release|Any CPU.Deploy.0 = Release|Any CPU
		{5162039C-17D0-4BF8-A961-5D1A1812AFA8}.Release|ARM.ActiveCfg = Release|Any CPU
		{5162039C-17D0-4BF8-A961-5D1A1812AFA8}.Release|ARM.Build.0 = Release|Any CPU
		{5162039C-17D0-4BF8-A961-5D1A1812AFA8}.Release|ARM.Deploy.0 = Release|Any CPU
		{5162039C-17D0-4BF8-A961-5D1A1812AFA8}.Release|iPhone.ActiveCfg = Release|Any CPU
		{5162039C-17D0-4BF8-A961-5D1A1812AFA8}.Release|iPhone.Build.0 = Release|Any CPU
		{5162039C-17D0-4BF8-A961-5D1A1812AFA8}.Release|iPhone.Deploy.0 = Release|Any CPU
		{5162039C-17D0-4BF8-A961-5D1A1812AFA8}.Release|iPhoneSimulator.ActiveCfg = Release|Any CPU
		{5162039C-17D0-4BF8-A961-5D1A1812AFA8}.Release|iPhoneSimulator.Build.0 = Release|Any CPU
		{5162039C-17D0-4BF8-A961-5D1A1812AFA8}.Release|iPhoneSimulator.Deploy.0 = Release|Any CPU
		{5162039C-17D0-4BF8-A961-5D1A1812AFA8}.Release|x64.ActiveCfg = Release|Any CPU
		{5162039C-17D0-4BF8-A961-5D1A1812AFA8}.Release|x64.Build.0 = Release|Any CPU
		{5162039C-17D0-4BF8-A961-5D1A1812AFA8}.Release|x64.Deploy.0 = Release|Any CPU
		{5162039C-17D0-4BF8-A961-5D1A1812AFA8}.Release|x86.ActiveCfg = Release|Any CPU
		{5162039C-17D0-4BF8-A961-5D1A1812AFA8}.Release|x86.Build.0 = Release|Any CPU
		{5162039C-17D0-4BF8-A961-5D1A1812AFA8}.Release|x86.Deploy.0 = Release|Any CPU
		{A6E21532-D735-4736-83D8-15E4D1B8DFD1}.Ad-Hoc|Any CPU.ActiveCfg = Release|Any CPU
		{A6E21532-D735-4736-83D8-15E4D1B8DFD1}.Ad-Hoc|Any CPU.Build.0 = Release|Any CPU
		{A6E21532-D735-4736-83D8-15E4D1B8DFD1}.Ad-Hoc|ARM.ActiveCfg = Release|Any CPU
		{A6E21532-D735-4736-83D8-15E4D1B8DFD1}.Ad-Hoc|ARM.Build.0 = Release|Any CPU
		{A6E21532-D735-4736-83D8-15E4D1B8DFD1}.Ad-Hoc|iPhone.ActiveCfg = Release|Any CPU
		{A6E21532-D735-4736-83D8-15E4D1B8DFD1}.Ad-Hoc|iPhone.Build.0 = Release|Any CPU
		{A6E21532-D735-4736-83D8-15E4D1B8DFD1}.Ad-Hoc|iPhoneSimulator.ActiveCfg = Release|Any CPU
		{A6E21532-D735-4736-83D8-15E4D1B8DFD1}.Ad-Hoc|iPhoneSimulator.Build.0 = Release|Any CPU
		{A6E21532-D735-4736-83D8-15E4D1B8DFD1}.Ad-Hoc|x64.ActiveCfg = Release|Any CPU
		{A6E21532-D735-4736-83D8-15E4D1B8DFD1}.Ad-Hoc|x64.Build.0 = Release|Any CPU
		{A6E21532-D735-4736-83D8-15E4D1B8DFD1}.Ad-Hoc|x86.ActiveCfg = Release|Any CPU
		{A6E21532-D735-4736-83D8-15E4D1B8DFD1}.Ad-Hoc|x86.Build.0 = Release|Any CPU
		{A6E21532-D735-4736-83D8-15E4D1B8DFD1}.AppStore|Any CPU.ActiveCfg = Release|Any CPU
		{A6E21532-D735-4736-83D8-15E4D1B8DFD1}.AppStore|Any CPU.Build.0 = Release|Any CPU
		{A6E21532-D735-4736-83D8-15E4D1B8DFD1}.AppStore|ARM.ActiveCfg = Release|Any CPU
		{A6E21532-D735-4736-83D8-15E4D1B8DFD1}.AppStore|ARM.Build.0 = Release|Any CPU
		{A6E21532-D735-4736-83D8-15E4D1B8DFD1}.AppStore|iPhone.ActiveCfg = Release|Any CPU
		{A6E21532-D735-4736-83D8-15E4D1B8DFD1}.AppStore|iPhone.Build.0 = Release|Any CPU
		{A6E21532-D735-4736-83D8-15E4D1B8DFD1}.AppStore|iPhoneSimulator.ActiveCfg = Release|Any CPU
		{A6E21532-D735-4736-83D8-15E4D1B8DFD1}.AppStore|iPhoneSimulator.Build.0 = Release|Any CPU
		{A6E21532-D735-4736-83D8-15E4D1B8DFD1}.AppStore|x64.ActiveCfg = Release|Any CPU
		{A6E21532-D735-4736-83D8-15E4D1B8DFD1}.AppStore|x64.Build.0 = Release|Any CPU
		{A6E21532-D735-4736-83D8-15E4D1B8DFD1}.AppStore|x86.ActiveCfg = Release|Any CPU
		{A6E21532-D735-4736-83D8-15E4D1B8DFD1}.AppStore|x86.Build.0 = Release|Any CPU
		{A6E21532-D735-4736-83D8-15E4D1B8DFD1}.Debug|Any CPU.ActiveCfg = Debug|Any CPU
		{A6E21532-D735-4736-83D8-15E4D1B8DFD1}.Debug|Any CPU.Build.0 = Debug|Any CPU
		{A6E21532-D735-4736-83D8-15E4D1B8DFD1}.Debug|ARM.ActiveCfg = Debug|Any CPU
		{A6E21532-D735-4736-83D8-15E4D1B8DFD1}.Debug|ARM.Build.0 = Debug|Any CPU
		{A6E21532-D735-4736-83D8-15E4D1B8DFD1}.Debug|iPhone.ActiveCfg = Debug|Any CPU
		{A6E21532-D735-4736-83D8-15E4D1B8DFD1}.Debug|iPhone.Build.0 = Debug|Any CPU
		{A6E21532-D735-4736-83D8-15E4D1B8DFD1}.Debug|iPhoneSimulator.ActiveCfg = Debug|Any CPU
		{A6E21532-D735-4736-83D8-15E4D1B8DFD1}.Debug|iPhoneSimulator.Build.0 = Debug|Any CPU
		{A6E21532-D735-4736-83D8-15E4D1B8DFD1}.Debug|x64.ActiveCfg = Debug|Any CPU
		{A6E21532-D735-4736-83D8-15E4D1B8DFD1}.Debug|x64.Build.0 = Debug|Any CPU
		{A6E21532-D735-4736-83D8-15E4D1B8DFD1}.Debug|x86.ActiveCfg = Debug|Any CPU
		{A6E21532-D735-4736-83D8-15E4D1B8DFD1}.Debug|x86.Build.0 = Debug|Any CPU
		{A6E21532-D735-4736-83D8-15E4D1B8DFD1}.Release|Any CPU.ActiveCfg = Release|Any CPU
		{A6E21532-D735-4736-83D8-15E4D1B8DFD1}.Release|Any CPU.Build.0 = Release|Any CPU
		{A6E21532-D735-4736-83D8-15E4D1B8DFD1}.Release|ARM.ActiveCfg = Release|Any CPU
		{A6E21532-D735-4736-83D8-15E4D1B8DFD1}.Release|ARM.Build.0 = Release|Any CPU
		{A6E21532-D735-4736-83D8-15E4D1B8DFD1}.Release|iPhone.ActiveCfg = Release|Any CPU
		{A6E21532-D735-4736-83D8-15E4D1B8DFD1}.Release|iPhone.Build.0 = Release|Any CPU
		{A6E21532-D735-4736-83D8-15E4D1B8DFD1}.Release|iPhoneSimulator.ActiveCfg = Release|Any CPU
		{A6E21532-D735-4736-83D8-15E4D1B8DFD1}.Release|iPhoneSimulator.Build.0 = Release|Any CPU
		{A6E21532-D735-4736-83D8-15E4D1B8DFD1}.Release|x64.ActiveCfg = Release|Any CPU
		{A6E21532-D735-4736-83D8-15E4D1B8DFD1}.Release|x64.Build.0 = Release|Any CPU
		{A6E21532-D735-4736-83D8-15E4D1B8DFD1}.Release|x86.ActiveCfg = Release|Any CPU
		{A6E21532-D735-4736-83D8-15E4D1B8DFD1}.Release|x86.Build.0 = Release|Any CPU
		{154393F0-EC1E-4A41-AEB9-993128041F5E}.Ad-Hoc|Any CPU.ActiveCfg = Release|x86
		{154393F0-EC1E-4A41-AEB9-993128041F5E}.Ad-Hoc|Any CPU.Build.0 = Release|x86
		{154393F0-EC1E-4A41-AEB9-993128041F5E}.Ad-Hoc|Any CPU.Deploy.0 = Release|x86
		{154393F0-EC1E-4A41-AEB9-993128041F5E}.Ad-Hoc|ARM.ActiveCfg = Release|ARM
		{154393F0-EC1E-4A41-AEB9-993128041F5E}.Ad-Hoc|ARM.Build.0 = Release|ARM
		{154393F0-EC1E-4A41-AEB9-993128041F5E}.Ad-Hoc|ARM.Deploy.0 = Release|ARM
		{154393F0-EC1E-4A41-AEB9-993128041F5E}.Ad-Hoc|iPhone.ActiveCfg = Release|x86
		{154393F0-EC1E-4A41-AEB9-993128041F5E}.Ad-Hoc|iPhone.Build.0 = Release|x86
		{154393F0-EC1E-4A41-AEB9-993128041F5E}.Ad-Hoc|iPhone.Deploy.0 = Release|x86
		{154393F0-EC1E-4A41-AEB9-993128041F5E}.Ad-Hoc|iPhoneSimulator.ActiveCfg = Release|x86
		{154393F0-EC1E-4A41-AEB9-993128041F5E}.Ad-Hoc|iPhoneSimulator.Build.0 = Release|x86
		{154393F0-EC1E-4A41-AEB9-993128041F5E}.Ad-Hoc|iPhoneSimulator.Deploy.0 = Release|x86
		{154393F0-EC1E-4A41-AEB9-993128041F5E}.Ad-Hoc|x64.ActiveCfg = Release|x64
		{154393F0-EC1E-4A41-AEB9-993128041F5E}.Ad-Hoc|x64.Build.0 = Release|x64
		{154393F0-EC1E-4A41-AEB9-993128041F5E}.Ad-Hoc|x64.Deploy.0 = Release|x64
		{154393F0-EC1E-4A41-AEB9-993128041F5E}.Ad-Hoc|x86.ActiveCfg = Release|x86
		{154393F0-EC1E-4A41-AEB9-993128041F5E}.Ad-Hoc|x86.Build.0 = Release|x86
		{154393F0-EC1E-4A41-AEB9-993128041F5E}.Ad-Hoc|x86.Deploy.0 = Release|x86
		{154393F0-EC1E-4A41-AEB9-993128041F5E}.AppStore|Any CPU.ActiveCfg = Release|x86
		{154393F0-EC1E-4A41-AEB9-993128041F5E}.AppStore|Any CPU.Build.0 = Release|x86
		{154393F0-EC1E-4A41-AEB9-993128041F5E}.AppStore|Any CPU.Deploy.0 = Release|x86
		{154393F0-EC1E-4A41-AEB9-993128041F5E}.AppStore|ARM.ActiveCfg = Release|ARM
		{154393F0-EC1E-4A41-AEB9-993128041F5E}.AppStore|ARM.Build.0 = Release|ARM
		{154393F0-EC1E-4A41-AEB9-993128041F5E}.AppStore|ARM.Deploy.0 = Release|ARM
		{154393F0-EC1E-4A41-AEB9-993128041F5E}.AppStore|iPhone.ActiveCfg = Release|x86
		{154393F0-EC1E-4A41-AEB9-993128041F5E}.AppStore|iPhone.Build.0 = Release|x86
		{154393F0-EC1E-4A41-AEB9-993128041F5E}.AppStore|iPhone.Deploy.0 = Release|x86
		{154393F0-EC1E-4A41-AEB9-993128041F5E}.AppStore|iPhoneSimulator.ActiveCfg = Release|x86
		{154393F0-EC1E-4A41-AEB9-993128041F5E}.AppStore|iPhoneSimulator.Build.0 = Release|x86
		{154393F0-EC1E-4A41-AEB9-993128041F5E}.AppStore|iPhoneSimulator.Deploy.0 = Release|x86
		{154393F0-EC1E-4A41-AEB9-993128041F5E}.AppStore|x64.ActiveCfg = Release|x64
		{154393F0-EC1E-4A41-AEB9-993128041F5E}.AppStore|x64.Build.0 = Release|x64
		{154393F0-EC1E-4A41-AEB9-993128041F5E}.AppStore|x64.Deploy.0 = Release|x64
		{154393F0-EC1E-4A41-AEB9-993128041F5E}.AppStore|x86.ActiveCfg = Release|x86
		{154393F0-EC1E-4A41-AEB9-993128041F5E}.AppStore|x86.Build.0 = Release|x86
		{154393F0-EC1E-4A41-AEB9-993128041F5E}.AppStore|x86.Deploy.0 = Release|x86
		{154393F0-EC1E-4A41-AEB9-993128041F5E}.Debug|Any CPU.ActiveCfg = Debug|x86
		{154393F0-EC1E-4A41-AEB9-993128041F5E}.Debug|Any CPU.Build.0 = Debug|x86
		{154393F0-EC1E-4A41-AEB9-993128041F5E}.Debug|Any CPU.Deploy.0 = Debug|x86
		{154393F0-EC1E-4A41-AEB9-993128041F5E}.Debug|ARM.ActiveCfg = Debug|ARM
		{154393F0-EC1E-4A41-AEB9-993128041F5E}.Debug|ARM.Build.0 = Debug|ARM
		{154393F0-EC1E-4A41-AEB9-993128041F5E}.Debug|ARM.Deploy.0 = Debug|ARM
		{154393F0-EC1E-4A41-AEB9-993128041F5E}.Debug|iPhone.ActiveCfg = Debug|x86
		{154393F0-EC1E-4A41-AEB9-993128041F5E}.Debug|iPhoneSimulator.ActiveCfg = Debug|x86
		{154393F0-EC1E-4A41-AEB9-993128041F5E}.Debug|x64.ActiveCfg = Debug|x64
		{154393F0-EC1E-4A41-AEB9-993128041F5E}.Debug|x64.Build.0 = Debug|x64
		{154393F0-EC1E-4A41-AEB9-993128041F5E}.Debug|x64.Deploy.0 = Debug|x64
		{154393F0-EC1E-4A41-AEB9-993128041F5E}.Debug|x86.ActiveCfg = Debug|x86
		{154393F0-EC1E-4A41-AEB9-993128041F5E}.Debug|x86.Build.0 = Debug|x86
		{154393F0-EC1E-4A41-AEB9-993128041F5E}.Debug|x86.Deploy.0 = Debug|x86
		{154393F0-EC1E-4A41-AEB9-993128041F5E}.Release|Any CPU.ActiveCfg = Release|x86
		{154393F0-EC1E-4A41-AEB9-993128041F5E}.Release|Any CPU.Build.0 = Release|x86
		{154393F0-EC1E-4A41-AEB9-993128041F5E}.Release|Any CPU.Deploy.0 = Release|x86
		{154393F0-EC1E-4A41-AEB9-993128041F5E}.Release|ARM.ActiveCfg = Release|ARM
		{154393F0-EC1E-4A41-AEB9-993128041F5E}.Release|ARM.Build.0 = Release|ARM
		{154393F0-EC1E-4A41-AEB9-993128041F5E}.Release|ARM.Deploy.0 = Release|ARM
		{154393F0-EC1E-4A41-AEB9-993128041F5E}.Release|iPhone.ActiveCfg = Release|x86
		{154393F0-EC1E-4A41-AEB9-993128041F5E}.Release|iPhoneSimulator.ActiveCfg = Release|x86
		{154393F0-EC1E-4A41-AEB9-993128041F5E}.Release|x64.ActiveCfg = Release|x64
		{154393F0-EC1E-4A41-AEB9-993128041F5E}.Release|x64.Build.0 = Release|x64
		{154393F0-EC1E-4A41-AEB9-993128041F5E}.Release|x64.Deploy.0 = Release|x64
		{154393F0-EC1E-4A41-AEB9-993128041F5E}.Release|x86.ActiveCfg = Release|x86
		{154393F0-EC1E-4A41-AEB9-993128041F5E}.Release|x86.Build.0 = Release|x86
		{154393F0-EC1E-4A41-AEB9-993128041F5E}.Release|x86.Deploy.0 = Release|x86
		{7695286E-67F4-4257-9B8C-40063274D7A6}.Ad-Hoc|Any CPU.ActiveCfg = Ad-Hoc|iPhone
		{7695286E-67F4-4257-9B8C-40063274D7A6}.Ad-Hoc|ARM.ActiveCfg = Ad-Hoc|iPhone
		{7695286E-67F4-4257-9B8C-40063274D7A6}.Ad-Hoc|iPhone.ActiveCfg = Ad-Hoc|iPhone
		{7695286E-67F4-4257-9B8C-40063274D7A6}.Ad-Hoc|iPhone.Build.0 = Ad-Hoc|iPhone
		{7695286E-67F4-4257-9B8C-40063274D7A6}.Ad-Hoc|iPhoneSimulator.ActiveCfg = Ad-Hoc|iPhoneSimulator
		{7695286E-67F4-4257-9B8C-40063274D7A6}.Ad-Hoc|iPhoneSimulator.Build.0 = Ad-Hoc|iPhoneSimulator
		{7695286E-67F4-4257-9B8C-40063274D7A6}.Ad-Hoc|x64.ActiveCfg = Ad-Hoc|iPhone
		{7695286E-67F4-4257-9B8C-40063274D7A6}.Ad-Hoc|x86.ActiveCfg = Ad-Hoc|iPhone
		{7695286E-67F4-4257-9B8C-40063274D7A6}.AppStore|Any CPU.ActiveCfg = AppStore|iPhone
		{7695286E-67F4-4257-9B8C-40063274D7A6}.AppStore|ARM.ActiveCfg = AppStore|iPhone
		{7695286E-67F4-4257-9B8C-40063274D7A6}.AppStore|iPhone.ActiveCfg = AppStore|iPhone
		{7695286E-67F4-4257-9B8C-40063274D7A6}.AppStore|iPhone.Build.0 = AppStore|iPhone
		{7695286E-67F4-4257-9B8C-40063274D7A6}.AppStore|iPhoneSimulator.ActiveCfg = AppStore|iPhoneSimulator
		{7695286E-67F4-4257-9B8C-40063274D7A6}.AppStore|iPhoneSimulator.Build.0 = AppStore|iPhoneSimulator
		{7695286E-67F4-4257-9B8C-40063274D7A6}.AppStore|x64.ActiveCfg = AppStore|iPhone
		{7695286E-67F4-4257-9B8C-40063274D7A6}.AppStore|x86.ActiveCfg = AppStore|iPhone
		{7695286E-67F4-4257-9B8C-40063274D7A6}.Debug|Any CPU.ActiveCfg = Debug|iPhone
		{7695286E-67F4-4257-9B8C-40063274D7A6}.Debug|ARM.ActiveCfg = Debug|iPhone
		{7695286E-67F4-4257-9B8C-40063274D7A6}.Debug|iPhone.ActiveCfg = Debug|iPhone
		{7695286E-67F4-4257-9B8C-40063274D7A6}.Debug|iPhone.Build.0 = Debug|iPhone
		{7695286E-67F4-4257-9B8C-40063274D7A6}.Debug|iPhoneSimulator.ActiveCfg = Debug|iPhoneSimulator
		{7695286E-67F4-4257-9B8C-40063274D7A6}.Debug|iPhoneSimulator.Build.0 = Debug|iPhoneSimulator
		{7695286E-67F4-4257-9B8C-40063274D7A6}.Debug|x64.ActiveCfg = Debug|iPhone
		{7695286E-67F4-4257-9B8C-40063274D7A6}.Debug|x86.ActiveCfg = Debug|iPhone
		{7695286E-67F4-4257-9B8C-40063274D7A6}.Release|Any CPU.ActiveCfg = Release|iPhone
		{7695286E-67F4-4257-9B8C-40063274D7A6}.Release|ARM.ActiveCfg = Release|iPhone
		{7695286E-67F4-4257-9B8C-40063274D7A6}.Release|iPhone.ActiveCfg = Release|iPhone
		{7695286E-67F4-4257-9B8C-40063274D7A6}.Release|iPhone.Build.0 = Release|iPhone
		{7695286E-67F4-4257-9B8C-40063274D7A6}.Release|iPhoneSimulator.ActiveCfg = Release|iPhoneSimulator
		{7695286E-67F4-4257-9B8C-40063274D7A6}.Release|iPhoneSimulator.Build.0 = Release|iPhoneSimulator
		{7695286E-67F4-4257-9B8C-40063274D7A6}.Release|x64.ActiveCfg = Release|iPhone
		{7695286E-67F4-4257-9B8C-40063274D7A6}.Release|x86.ActiveCfg = Release|iPhone
	EndGlobalSection
	GlobalSection(SolutionProperties) = preSolution
		HideSolutionNode = FALSE
	EndGlobalSection
EndGlobal
